# THIS IS AN AUTOGENERATED FILE. DO NOT EDIT THIS FILE DIRECTLY.
# yarn lockfile v1


lodash.throttle@^4.1.1:
  version "4.1.1"
  resolved "https://registry.npmmirror.com/lodash.throttle/-/lodash.throttle-4.1.1.tgz#c23e91b710242ac70c37f1e1cda9274cc39bf2f4"
  integrity sha512-wIkUCfVKpVsWo3JSZlc+8MB5it+2AN5W8J7YVMST30UrvcQNZ1Okbj+rbVniijTWE6FGYy4XJq/rHkas8qJMLQ==

miment@^0.0.9:
  version "0.0.9"
  resolved "https://registry.yarnpkg.com/miment/-/miment-0.0.9.tgz#79864f8793e7d0e908e84568735e3b172022d7ed"
  integrity sha512-pfjF/jPPxCaR7swQIKbWHBfSJAw47e4iZQPM6HzuexSDiZRPj8bx3rNzP4G/oK37+skbM/9eidoX9awJJfgLAg==
